
Microsoft Visual Studio Solution File, Format Version 12.00
# Visual Studio Version 16
VisualStudioVersion = 16.0.30717.126
MinimumVisualStudioVersion = 10.0.40219.1
Project("{FAE04EC0-301F-11D3-BF4B-00C04F79EFBC}") = "BinarySerchTree_Csharp", "BinarySerchTree_Csharp\BinarySerchTree_Csharp.csproj", "{5ADB7ECF-B7AD-461E-80A2-5F976B1939B9}"
EndProject
Global
	GlobalSection(SolutionConfigurationPlatforms) = preSolution
		Debug|Any CPU = Debug|Any CPU
		Release|Any CPU = Release|Any CPU
	EndGlobalSection
	GlobalSection(ProjectConfigurationPlatforms) = postSolution
		{5ADB7ECF-B7AD-461E-80A2-5F976B1939B9}.Debug|Any CPU.ActiveCfg = Debug|Any CPU
		{5ADB7ECF-B7AD-461E-80A2-5F976B1939B9}.Debug|Any CPU.Build.0 = Debug|Any CPU
		{5ADB7ECF-B7AD-461E-80A2-5F976B1939B9}.Release|Any CPU.ActiveCfg = Release|Any CPU
		{5ADB7ECF-B7AD-461E-80A2-5F976B1939B9}.Release|Any CPU.Build.0 = Release|Any CPU
	EndGlobalSection
	GlobalSection(SolutionProperties) = preSolution
		HideSolutionNode = FALSE
	EndGlobalSection
	GlobalSection(ExtensibilityGlobals) = postSolution
		SolutionGuid = {047DD354-188C-4633-A9A3-82C233B579FE}
	EndGlobalSection
EndGlobal
